
Microsoft Visual Studio Solution File, Format Version 12.00
# Visual Studio Version 16
VisualStudioVersion = 16.0.30717.126
MinimumVisualStudioVersion = 10.0.40219.1
Project("{888888A0-9F3D-457C-B088-3A5042F75D52}") = "GraphIt", "GraphIt\GraphIt.pyproj", "{EF4FE277-7F40-490D-84D9-B925014D066F}"
EndProject
Global
	GlobalSection(SolutionConfigurationPlatforms) = preSolution
		Debug|Any CPU = Debug|Any CPU
		Release|Any CPU = Release|Any CPU
	EndGlobalSection
	GlobalSection(ProjectConfigurationPlatforms) = postSolution
		{EF4FE277-7F40-490D-84D9-B925014D066F}.Debug|Any CPU.ActiveCfg = Debug|Any CPU
		{EF4FE277-7F40-490D-84D9-B925014D066F}.Release|Any CPU.ActiveCfg = Release|Any CPU
	EndGlobalSection
	GlobalSection(SolutionProperties) = preSolution
		HideSolutionNode = FALSE
	EndGlobalSection
	GlobalSection(ExtensibilityGlobals) = postSolution
		SolutionGuid = {47901452-96FF-43B5-87C0-C15C7E935CA8}
	EndGlobalSection
EndGlobal
